
Microsoft Visual Studio Solution File, Format Version 12.00
# Visual Studio Version 16
VisualStudioVersion = 16.0.29230.47
MinimumVisualStudioVersion = 10.0.40219.1
Project("{FAE04EC0-301F-11D3-BF4B-00C04F79EFBC}") = "proftaak zeeslag", "proftaak zeeslag\proftaak zeeslag.csproj", "{6E39D9FD-CEEF-410E-8403-1200E1D1021A}"
EndProject
Global
	GlobalSection(SolutionConfigurationPlatforms) = preSolution
		Debug|Any CPU = Debug|Any CPU
		Release|Any CPU = Release|Any CPU
	EndGlobalSection
	GlobalSection(ProjectConfigurationPlatforms) = postSolution
		{6E39D9FD-CEEF-410E-8403-1200E1D1021A}.Debug|Any CPU.ActiveCfg = Debug|Any CPU
		{6E39D9FD-CEEF-410E-8403-1200E1D1021A}.Debug|Any CPU.Build.0 = Debug|Any CPU
		{6E39D9FD-CEEF-410E-8403-1200E1D1021A}.Release|Any CPU.ActiveCfg = Release|Any CPU
		{6E39D9FD-CEEF-410E-8403-1200E1D1021A}.Release|Any CPU.Build.0 = Release|Any CPU
	EndGlobalSection
	GlobalSection(SolutionProperties) = preSolution
		HideSolutionNode = FALSE
	EndGlobalSection
	GlobalSection(ExtensibilityGlobals) = postSolution
		SolutionGuid = {E22D5439-8270-434B-AB62-A91FCB1EE321}
	EndGlobalSection
EndGlobal
